
Microsoft Visual Studio Solution File, Format Version 12.00
# Visual Studio Version 16
VisualStudioVersion = 16.0.29920.165
MinimumVisualStudioVersion = 10.0.40219.1
Project("{9A19103F-16F7-4668-BE54-9A1E7A4F7556}") = "Warehouse", "Warehouse\Warehouse.csproj", "{7348E82B-51AC-4517-A838-A321F634C76F}"
EndProject
Project("{9A19103F-16F7-4668-BE54-9A1E7A4F7556}") = "DAL", "DAL\DAL.csproj", "{0E55EB9E-366C-4AFC-BC41-5AD83810B95D}"
EndProject
Project("{9A19103F-16F7-4668-BE54-9A1E7A4F7556}") = "Services", "Services\Services.csproj", "{7911CA64-1F47-4AC5-A6BF-0C21613A63D5}"
EndProject
Project("{FAE04EC0-301F-11D3-BF4B-00C04F79EFBC}") = "BLL", "BLL\BLL.csproj", "{0CA97ADF-CD27-4CF0-8C71-9C90C7539CF0}"
EndProject
Global
	GlobalSection(SolutionConfigurationPlatforms) = preSolution
		Debug|Any CPU = Debug|Any CPU
		Release|Any CPU = Release|Any CPU
	EndGlobalSection
	GlobalSection(ProjectConfigurationPlatforms) = postSolution
		{7348E82B-51AC-4517-A838-A321F634C76F}.Debug|Any CPU.ActiveCfg = Debug|Any CPU
		{7348E82B-51AC-4517-A838-A321F634C76F}.Debug|Any CPU.Build.0 = Debug|Any CPU
		{7348E82B-51AC-4517-A838-A321F634C76F}.Release|Any CPU.ActiveCfg = Release|Any CPU
		{7348E82B-51AC-4517-A838-A321F634C76F}.Release|Any CPU.Build.0 = Release|Any CPU
		{0E55EB9E-366C-4AFC-BC41-5AD83810B95D}.Debug|Any CPU.ActiveCfg = Debug|Any CPU
		{0E55EB9E-366C-4AFC-BC41-5AD83810B95D}.Debug|Any CPU.Build.0 = Debug|Any CPU
		{0E55EB9E-366C-4AFC-BC41-5AD83810B95D}.Release|Any CPU.ActiveCfg = Release|Any CPU
		{0E55EB9E-366C-4AFC-BC41-5AD83810B95D}.Release|Any CPU.Build.0 = Release|Any CPU
		{7911CA64-1F47-4AC5-A6BF-0C21613A63D5}.Debug|Any CPU.ActiveCfg = Debug|Any CPU
		{7911CA64-1F47-4AC5-A6BF-0C21613A63D5}.Debug|Any CPU.Build.0 = Debug|Any CPU
		{7911CA64-1F47-4AC5-A6BF-0C21613A63D5}.Release|Any CPU.ActiveCfg = Release|Any CPU
		{7911CA64-1F47-4AC5-A6BF-0C21613A63D5}.Release|Any CPU.Build.0 = Release|Any CPU
		{0CA97ADF-CD27-4CF0-8C71-9C90C7539CF0}.Debug|Any CPU.ActiveCfg = Debug|Any CPU
		{0CA97ADF-CD27-4CF0-8C71-9C90C7539CF0}.Debug|Any CPU.Build.0 = Debug|Any CPU
		{0CA97ADF-CD27-4CF0-8C71-9C90C7539CF0}.Release|Any CPU.ActiveCfg = Release|Any CPU
		{0CA97ADF-CD27-4CF0-8C71-9C90C7539CF0}.Release|Any CPU.Build.0 = Release|Any CPU
	EndGlobalSection
	GlobalSection(SolutionProperties) = preSolution
		HideSolutionNode = FALSE
	EndGlobalSection
	GlobalSection(ExtensibilityGlobals) = postSolution
		SolutionGuid = {C9FB2B54-503E-48F8-ADA8-872431B2C475}
	EndGlobalSection
EndGlobal
